
Microsoft Visual Studio Solution File, Format Version 12.00
# Visual Studio Version 17
VisualStudioVersion = 17.1.32328.378
MinimumVisualStudioVersion = 10.0.40219.1
Project("{FAE04EC0-301F-11D3-BF4B-00C04F79EFBC}") = "CharacterInspect", "CharacterInspect\CharacterInspect.csproj", "{C9D5D6D9-EE67-41F9-AA69-AB90AF60100F}"
EndProject
Global
	GlobalSection(SolutionConfigurationPlatforms) = preSolution
		Debug|Any CPU = Debug|Any CPU
		Release|Any CPU = Release|Any CPU
	EndGlobalSection
	GlobalSection(ProjectConfigurationPlatforms) = postSolution
		{C9D5D6D9-EE67-41F9-AA69-AB90AF60100F}.Debug|Any CPU.ActiveCfg = Debug|Any CPU
		{C9D5D6D9-EE67-41F9-AA69-AB90AF60100F}.Debug|Any CPU.Build.0 = Debug|Any CPU
		{C9D5D6D9-EE67-41F9-AA69-AB90AF60100F}.Release|Any CPU.ActiveCfg = Release|Any CPU
		{C9D5D6D9-EE67-41F9-AA69-AB90AF60100F}.Release|Any CPU.Build.0 = Release|Any CPU
	EndGlobalSection
	GlobalSection(SolutionProperties) = preSolution
		HideSolutionNode = FALSE
	EndGlobalSection
	GlobalSection(ExtensibilityGlobals) = postSolution
		SolutionGuid = {0AC79B44-A80F-4117-9197-87017638FE41}
	EndGlobalSection
EndGlobal
